
Microsoft Visual Studio Solution File, Format Version 12.00
# Visual Studio 15
VisualStudioVersion = 15.0.28307.539
MinimumVisualStudioVersion = 10.0.40219.1
Project("{FAE04EC0-301F-11D3-BF4B-00C04F79EFBC}") = "Exercise_1", "Exercise_1\Exercise_1.csproj", "{3D319324-8DE9-4E76-A224-8D2E05CC24FF}"
EndProject
Global
	GlobalSection(SolutionConfigurationPlatforms) = preSolution
		Debug|Any CPU = Debug|Any CPU
		Release|Any CPU = Release|Any CPU
	EndGlobalSection
	GlobalSection(ProjectConfigurationPlatforms) = postSolution
		{3D319324-8DE9-4E76-A224-8D2E05CC24FF}.Debug|Any CPU.ActiveCfg = Debug|Any CPU
		{3D319324-8DE9-4E76-A224-8D2E05CC24FF}.Debug|Any CPU.Build.0 = Debug|Any CPU
		{3D319324-8DE9-4E76-A224-8D2E05CC24FF}.Release|Any CPU.ActiveCfg = Release|Any CPU
		{3D319324-8DE9-4E76-A224-8D2E05CC24FF}.Release|Any CPU.Build.0 = Release|Any CPU
	EndGlobalSection
	GlobalSection(SolutionProperties) = preSolution
		HideSolutionNode = FALSE
	EndGlobalSection
	GlobalSection(ExtensibilityGlobals) = postSolution
		SolutionGuid = {CF5AAC7E-43EF-495E-958B-550CEC4D8AA3}
	EndGlobalSection
EndGlobal
